{
  "originHash" : "8115edc61bdd79a01f971c66db34f271621f234a582c593b7aa79254a574070f",
  "pins" : [
    {
      "identity" : "swift-docc-plugin",
      "kind" : "remoteSourceControl",
      "location" : "https://github.com/apple/swift-docc-plugin",
      "state" : {
        "revision" : "3303b164430d9a7055ba484c8ead67a52f7b74f6",
        "version" : "1.0.0"
      }
    }
  ],
  "version" : 3
}
